
Microsoft Visual Studio Solution File, Format Version 12.00
# Visual Studio Version 17
VisualStudioVersion = 17.12.35527.113
MinimumVisualStudioVersion = 10.0.40219.1
Project("{FAE04EC0-301F-11D3-BF4B-00C04F79EFBC}") = "Flattener", "Flattener\Flattener.csproj", "{3E9FCB65-2D38-4CB4-A2BA-492FE8A313BD}"
EndProject
Project("{FAE04EC0-301F-11D3-BF4B-00C04F79EFBC}") = "Test.Shared", "Test.Shared\Test.Shared.csproj", "{26C5756D-E27C-4A5B-B3EE-40FCADFAEBC4}"
EndProject
Project("{FAE04EC0-301F-11D3-BF4B-00C04F79EFBC}") = "Test.Automated", "Test.Automated\Test.Automated.csproj", "{FB0AB60A-4BF6-4DC3-A612-1B9F62AFB991}"
EndProject
Project("{FAE04EC0-301F-11D3-BF4B-00C04F79EFBC}") = "Test.Xunit", "Test.Xunit\Test.Xunit.csproj", "{03B62A32-E5C2-4731-AB4E-C67ADD91269D}"
EndProject
Project("{FAE04EC0-301F-11D3-BF4B-00C04F79EFBC}") = "Test.Nunit", "Test.Nunit\Test.Nunit.csproj", "{33892839-FC07-4A9C-B315-DBB4E0C464FD}"
EndProject
Global
	GlobalSection(SolutionConfigurationPlatforms) = preSolution
		Debug|Any CPU = Debug|Any CPU
		Debug|x64 = Debug|x64
		Debug|x86 = Debug|x86
		Release|Any CPU = Release|Any CPU
		Release|x64 = Release|x64
		Release|x86 = Release|x86
	EndGlobalSection
	GlobalSection(ProjectConfigurationPlatforms) = postSolution
		{3E9FCB65-2D38-4CB4-A2BA-492FE8A313BD}.Debug|Any CPU.ActiveCfg = Debug|Any CPU
		{3E9FCB65-2D38-4CB4-A2BA-492FE8A313BD}.Debug|Any CPU.Build.0 = Debug|Any CPU
		{3E9FCB65-2D38-4CB4-A2BA-492FE8A313BD}.Debug|x64.ActiveCfg = Debug|Any CPU
		{3E9FCB65-2D38-4CB4-A2BA-492FE8A313BD}.Debug|x64.Build.0 = Debug|Any CPU
		{3E9FCB65-2D38-4CB4-A2BA-492FE8A313BD}.Debug|x86.ActiveCfg = Debug|Any CPU
		{3E9FCB65-2D38-4CB4-A2BA-492FE8A313BD}.Debug|x86.Build.0 = Debug|Any CPU
		{3E9FCB65-2D38-4CB4-A2BA-492FE8A313BD}.Release|Any CPU.ActiveCfg = Release|Any CPU
		{3E9FCB65-2D38-4CB4-A2BA-492FE8A313BD}.Release|Any CPU.Build.0 = Release|Any CPU
		{3E9FCB65-2D38-4CB4-A2BA-492FE8A313BD}.Release|x64.ActiveCfg = Release|Any CPU
		{3E9FCB65-2D38-4CB4-A2BA-492FE8A313BD}.Release|x64.Build.0 = Release|Any CPU
		{3E9FCB65-2D38-4CB4-A2BA-492FE8A313BD}.Release|x86.ActiveCfg = Release|Any CPU
		{3E9FCB65-2D38-4CB4-A2BA-492FE8A313BD}.Release|x86.Build.0 = Release|Any CPU
		{26C5756D-E27C-4A5B-B3EE-40FCADFAEBC4}.Debug|Any CPU.ActiveCfg = Debug|Any CPU
		{26C5756D-E27C-4A5B-B3EE-40FCADFAEBC4}.Debug|Any CPU.Build.0 = Debug|Any CPU
		{26C5756D-E27C-4A5B-B3EE-40FCADFAEBC4}.Debug|x64.ActiveCfg = Debug|Any CPU
		{26C5756D-E27C-4A5B-B3EE-40FCADFAEBC4}.Debug|x64.Build.0 = Debug|Any CPU
		{26C5756D-E27C-4A5B-B3EE-40FCADFAEBC4}.Debug|x86.ActiveCfg = Debug|Any CPU
		{26C5756D-E27C-4A5B-B3EE-40FCADFAEBC4}.Debug|x86.Build.0 = Debug|Any CPU
		{26C5756D-E27C-4A5B-B3EE-40FCADFAEBC4}.Release|Any CPU.ActiveCfg = Release|Any CPU
		{26C5756D-E27C-4A5B-B3EE-40FCADFAEBC4}.Release|Any CPU.Build.0 = Release|Any CPU
		{26C5756D-E27C-4A5B-B3EE-40FCADFAEBC4}.Release|x64.ActiveCfg = Release|Any CPU
		{26C5756D-E27C-4A5B-B3EE-40FCADFAEBC4}.Release|x64.Build.0 = Release|Any CPU
		{26C5756D-E27C-4A5B-B3EE-40FCADFAEBC4}.Release|x86.ActiveCfg = Release|Any CPU
		{26C5756D-E27C-4A5B-B3EE-40FCADFAEBC4}.Release|x86.Build.0 = Release|Any CPU
		{FB0AB60A-4BF6-4DC3-A612-1B9F62AFB991}.Debug|Any CPU.ActiveCfg = Debug|Any CPU
		{FB0AB60A-4BF6-4DC3-A612-1B9F62AFB991}.Debug|Any CPU.Build.0 = Debug|Any CPU
		{FB0AB60A-4BF6-4DC3-A612-1B9F62AFB991}.Debug|x64.ActiveCfg = Debug|Any CPU
		{FB0AB60A-4BF6-4DC3-A612-1B9F62AFB991}.Debug|x64.Build.0 = Debug|Any CPU
		{FB0AB60A-4BF6-4DC3-A612-1B9F62AFB991}.Debug|x86.ActiveCfg = Debug|Any CPU
		{FB0AB60A-4BF6-4DC3-A612-1B9F62AFB991}.Debug|x86.Build.0 = Debug|Any CPU
		{FB0AB60A-4BF6-4DC3-A612-1B9F62AFB991}.Release|Any CPU.ActiveCfg = Release|Any CPU
		{FB0AB60A-4BF6-4DC3-A612-1B9F62AFB991}.Release|Any CPU.Build.0 = Release|Any CPU
		{FB0AB60A-4BF6-4DC3-A612-1B9F62AFB991}.Release|x64.ActiveCfg = Release|Any CPU
		{FB0AB60A-4BF6-4DC3-A612-1B9F62AFB991}.Release|x64.Build.0 = Release|Any CPU
		{FB0AB60A-4BF6-4DC3-A612-1B9F62AFB991}.Release|x86.ActiveCfg = Release|Any CPU
		{FB0AB60A-4BF6-4DC3-A612-1B9F62AFB991}.Release|x86.Build.0 = Release|Any CPU
		{03B62A32-E5C2-4731-AB4E-C67ADD91269D}.Debug|Any CPU.ActiveCfg = Debug|Any CPU
		{03B62A32-E5C2-4731-AB4E-C67ADD91269D}.Debug|Any CPU.Build.0 = Debug|Any CPU
		{03B62A32-E5C2-4731-AB4E-C67ADD91269D}.Debug|x64.ActiveCfg = Debug|Any CPU
		{03B62A32-E5C2-4731-AB4E-C67ADD91269D}.Debug|x64.Build.0 = Debug|Any CPU
		{03B62A32-E5C2-4731-AB4E-C67ADD91269D}.Debug|x86.ActiveCfg = Debug|Any CPU
		{03B62A32-E5C2-4731-AB4E-C67ADD91269D}.Debug|x86.Build.0 = Debug|Any CPU
		{03B62A32-E5C2-4731-AB4E-C67ADD91269D}.Release|Any CPU.ActiveCfg = Release|Any CPU
		{03B62A32-E5C2-4731-AB4E-C67ADD91269D}.Release|Any CPU.Build.0 = Release|Any CPU
		{03B62A32-E5C2-4731-AB4E-C67ADD91269D}.Release|x64.ActiveCfg = Release|Any CPU
		{03B62A32-E5C2-4731-AB4E-C67ADD91269D}.Release|x64.Build.0 = Release|Any CPU
		{03B62A32-E5C2-4731-AB4E-C67ADD91269D}.Release|x86.ActiveCfg = Release|Any CPU
		{03B62A32-E5C2-4731-AB4E-C67ADD91269D}.Release|x86.Build.0 = Release|Any CPU
		{33892839-FC07-4A9C-B315-DBB4E0C464FD}.Debug|Any CPU.ActiveCfg = Debug|Any CPU
		{33892839-FC07-4A9C-B315-DBB4E0C464FD}.Debug|Any CPU.Build.0 = Debug|Any CPU
		{33892839-FC07-4A9C-B315-DBB4E0C464FD}.Debug|x64.ActiveCfg = Debug|Any CPU
		{33892839-FC07-4A9C-B315-DBB4E0C464FD}.Debug|x64.Build.0 = Debug|Any CPU
		{33892839-FC07-4A9C-B315-DBB4E0C464FD}.Debug|x86.ActiveCfg = Debug|Any CPU
		{33892839-FC07-4A9C-B315-DBB4E0C464FD}.Debug|x86.Build.0 = Debug|Any CPU
		{33892839-FC07-4A9C-B315-DBB4E0C464FD}.Release|Any CPU.ActiveCfg = Release|Any CPU
		{33892839-FC07-4A9C-B315-DBB4E0C464FD}.Release|Any CPU.Build.0 = Release|Any CPU
		{33892839-FC07-4A9C-B315-DBB4E0C464FD}.Release|x64.ActiveCfg = Release|Any CPU
		{33892839-FC07-4A9C-B315-DBB4E0C464FD}.Release|x64.Build.0 = Release|Any CPU
		{33892839-FC07-4A9C-B315-DBB4E0C464FD}.Release|x86.ActiveCfg = Release|Any CPU
		{33892839-FC07-4A9C-B315-DBB4E0C464FD}.Release|x86.Build.0 = Release|Any CPU
	EndGlobalSection
	GlobalSection(SolutionProperties) = preSolution
		HideSolutionNode = FALSE
	EndGlobalSection
EndGlobal
